
Microsoft Visual Studio Solution File, Format Version 12.00
# Visual Studio 15
VisualStudioVersion = 15.0.28307.102
MinimumVisualStudioVersion = 10.0.40219.1
Project("{FAE04EC0-301F-11D3-BF4B-00C04F79EFBC}") = "bilforhandler", "bilforhandler\bilforhandler.csproj", "{01EBA7B9-CDD0-4056-A215-8DA637E70148}"
EndProject
Global
	GlobalSection(SolutionConfigurationPlatforms) = preSolution
		Debug|Any CPU = Debug|Any CPU
		Release|Any CPU = Release|Any CPU
	EndGlobalSection
	GlobalSection(ProjectConfigurationPlatforms) = postSolution
		{01EBA7B9-CDD0-4056-A215-8DA637E70148}.Debug|Any CPU.ActiveCfg = Debug|Any CPU
		{01EBA7B9-CDD0-4056-A215-8DA637E70148}.Debug|Any CPU.Build.0 = Debug|Any CPU
		{01EBA7B9-CDD0-4056-A215-8DA637E70148}.Release|Any CPU.ActiveCfg = Release|Any CPU
		{01EBA7B9-CDD0-4056-A215-8DA637E70148}.Release|Any CPU.Build.0 = Release|Any CPU
	EndGlobalSection
	GlobalSection(SolutionProperties) = preSolution
		HideSolutionNode = FALSE
	EndGlobalSection
	GlobalSection(ExtensibilityGlobals) = postSolution
		SolutionGuid = {8454229F-94E6-4A7E-B113-684261B6770A}
	EndGlobalSection
EndGlobal
